
Microsoft Visual Studio Solution File, Format Version 12.00
# Visual Studio Version 16
VisualStudioVersion = 16.0.30002.166
MinimumVisualStudioVersion = 10.0.40219.1
Project("{FAE04EC0-301F-11D3-BF4B-00C04F79EFBC}") = "ProjetGestion", "ProjetGestion\ProjetGestion.csproj", "{5C573EF4-DBC4-4C90-A775-86461A7E08A6}"
EndProject
Global
	GlobalSection(SolutionConfigurationPlatforms) = preSolution
		Debug|Any CPU = Debug|Any CPU
		Release|Any CPU = Release|Any CPU
	EndGlobalSection
	GlobalSection(ProjectConfigurationPlatforms) = postSolution
		{5C573EF4-DBC4-4C90-A775-86461A7E08A6}.Debug|Any CPU.ActiveCfg = Debug|Any CPU
		{5C573EF4-DBC4-4C90-A775-86461A7E08A6}.Debug|Any CPU.Build.0 = Debug|Any CPU
		{5C573EF4-DBC4-4C90-A775-86461A7E08A6}.Release|Any CPU.ActiveCfg = Release|Any CPU
		{5C573EF4-DBC4-4C90-A775-86461A7E08A6}.Release|Any CPU.Build.0 = Release|Any CPU
	EndGlobalSection
	GlobalSection(SolutionProperties) = preSolution
		HideSolutionNode = FALSE
	EndGlobalSection
	GlobalSection(ExtensibilityGlobals) = postSolution
		SolutionGuid = {8D910657-59B1-4623-9036-6D29E2329069}
	EndGlobalSection
EndGlobal
